# This file is automatically @generated by Poetry 1.8.3 and should not be changed by hand.

[[package]]
name = "api"
version = "0.1.0"
description = "API component for Knew Karma"
optional = false
python-versions = "^3.10"
files = []
develop = false

[package.dependencies]
karmakaze = "^1.4.0"

[package.source]
type = "git"
url = "https://github.com/knewkarma-io/api.git"
reference = "master"
resolved_reference = "2fdc644d99189681506a51107fafaf8092da5177"

[[package]]
name = "karmakaze"
version = "1.4.0"
description = "Data sanitation engine for Knew Karma"
optional = false
python-versions = "<4.0,>=3.10"
files = [
    {file = "karmakaze-1.4.0-py3-none-any.whl", hash = "sha256:cbf37546bcc72c9366fa44206c620805537cc8f362ef45f28fcd29e970188d51"},
    {file = "karmakaze-1.4.0.tar.gz", hash = "sha256:ffeb4d5c86cd7bc8d81bfaaa170e7eeccf3833869174389573db942bceb62025"},
]

[metadata]
lock-version = "2.0"
python-versions = "^3.10"
content-hash = "ee09281251b90c1c0d76dc6e180f7b9236e97e5de239149125bf3a0e8e3e593c"
